{"1.2.0",
[{<<"argon2">>,{pkg,<<"argon2">>,<<"1.0.2">>},0},
 {<<"cowboy">>,{pkg,<<"cowboy">>,<<"2.9.0">>},0},
 {<<"cowlib">>,{pkg,<<"cowlib">>,<<"2.11.0">>},1},
 {<<"erl-json">>,
  {git,"https://github.com/gearnode/erl-json.git",
       {ref,"6549a08a4ece8ed2fc2d8857cfe722546be5fec8"}},
  0},
 {<<"jose">>,{pkg,<<"jose">>,<<"1.11.2">>},0},
 {<<"json">>,
  {git,"https://github.com/gearnode/erl-json.git",
       {ref,"6549a08a4ece8ed2fc2d8857cfe722546be5fec8"}},
  0},
 {<<"jsone">>,{pkg,<<"jsone">>,<<"1.7.0">>},0},
 {<<"ranch">>,{pkg,<<"ranch">>,<<"1.8.0">>},1},
 {<<"sqlite3">>,{pkg,<<"sqlite3">>,<<"1.1.13">>},0}]}.
[
{pkg_hash,[
 {<<"argon2">>, <<"F8F143254E90100836F8EA272EB0B52380F7C150476E9E06CFC580C2B68533B6">>},
 {<<"cowboy">>, <<"865DD8B6607E14CF03282E10E934023A1BD8BE6F6BACF921A7E2A96D800CD452">>},
 {<<"cowlib">>, <<"0B9FF9C346629256C42EBE1EEB769A83C6CB771A6EE5960BD110AB0B9B872063">>},
 {<<"jose">>, <<"F4C018CCF4FDCE22C71E44D471F15F723CB3EFAB5D909AB2BA202B5BF35557B3">>},
 {<<"jsone">>, <<"1E3BD7D5DD44BB2EB0797DDDEA1CBF2DDAB8D9F29E499A467CA171C23F5984EA">>},
 {<<"ranch">>, <<"8C7A100A139FD57F17327B6413E4167AC559FBC04CA7448E9BE9057311597A1D">>},
 {<<"sqlite3">>, <<"94A6E0508936514E1493EFEB9B939A9BBFA861F4B8DC93EF174AE88A1D9381D3">>}]},
{pkg_hash_ext,[
 {<<"argon2">>, <<"A60FAFBA19A9FA72041C0264724ADC1803CACD9C15E3AF713912E19DAE889058">>},
 {<<"cowboy">>, <<"2C729F934B4E1AA149AFF882F57C6372C15399A20D54F65C8D67BEF583021BDE">>},
 {<<"cowlib">>, <<"2B3E9DA0B21C4565751A6D4901C20D1B4CC25CBB7FD50D91D2AB6DD287BC86A9">>},
 {<<"jose">>, <<"98143FBC48D55F3A18DABA82D34FE48959D44538E9697C08F34200FA5F0947D2">>},
 {<<"jsone">>, <<"A3A33712EE6BC8BE10CFA21C7C425A299DE4C5A8533F9F931E577A6D0E8F5DBD">>},
 {<<"ranch">>, <<"49FBCFD3682FAB1F5D109351B61257676DA1A2FDBE295904176D5E521A2DDFE5">>},
 {<<"sqlite3">>, <<"B77FAD096D1AE9553AD8551EA75BD0D64A2F5B09923A7CA48B14215564DBFC48">>}]}
].
